
Microsoft Visual Studio Solution File, Format Version 12.00
# Visual Studio Version 17
VisualStudioVersion = 17.9.34616.47
MinimumVisualStudioVersion = 10.0.40219.1
Project("{9A19103F-16F7-4668-BE54-9A1E7A4F7556}") = "trainingEF", "trainingEF.csproj", "{982911C7-CB79-4BE4-9EF6-8EA178CB99AA}"
EndProject
Global
	GlobalSection(SolutionConfigurationPlatforms) = preSolution
		Debug|Any CPU = Debug|Any CPU
		Release|Any CPU = Release|Any CPU
	EndGlobalSection
	GlobalSection(ProjectConfigurationPlatforms) = postSolution
		{982911C7-CB79-4BE4-9EF6-8EA178CB99AA}.Debug|Any CPU.ActiveCfg = Debug|Any CPU
		{982911C7-CB79-4BE4-9EF6-8EA178CB99AA}.Debug|Any CPU.Build.0 = Debug|Any CPU
		{982911C7-CB79-4BE4-9EF6-8EA178CB99AA}.Release|Any CPU.ActiveCfg = Release|Any CPU
		{982911C7-CB79-4BE4-9EF6-8EA178CB99AA}.Release|Any CPU.Build.0 = Release|Any CPU
	EndGlobalSection
	GlobalSection(SolutionProperties) = preSolution
		HideSolutionNode = FALSE
	EndGlobalSection
	GlobalSection(ExtensibilityGlobals) = postSolution
		SolutionGuid = {3D328D18-3FCF-4FC6-AE33-BB4E6FAF80C1}
	EndGlobalSection
EndGlobal
